
Microsoft Visual Studio Solution File, Format Version 12.00
# Visual Studio 2012
Project("{FAE04EC0-301F-11D3-BF4B-00C04F79EFBC}") = "NumbersToText", "NumbersToText\NumbersToText.csproj", "{F873DFA2-0561-44DC-A413-20901AD585A2}"
EndProject
Project("{FAE04EC0-301F-11D3-BF4B-00C04F79EFBC}") = "CondSwapNumbers", "CondSwapNumbers\CondSwapNumbers.csproj", "{09A38BDA-083E-444D-B07B-717203D74AB4}"
EndProject
Project("{FAE04EC0-301F-11D3-BF4B-00C04F79EFBC}") = "SignOfProduct", "SignOfProduct\SignOfProduct.csproj", "{DC3E4B21-1E27-46FD-A9EC-6184FB7254B7}"
EndProject
Project("{FAE04EC0-301F-11D3-BF4B-00C04F79EFBC}") = "BiggestOfThreeNumbers", "BiggestOfThreeNumbers\BiggestOfThreeNumbers.csproj", "{EB86CB7D-B9B1-4A05-A26F-D0A24FEDDF39}"
EndProject
Project("{FAE04EC0-301F-11D3-BF4B-00C04F79EFBC}") = "IfSortThreeNumbers", "IfSortThreeNumbers\IfSortThreeNumbers.csproj", "{AF34095E-93B3-4805-8013-D380A47BB6D7}"
EndProject
Project("{FAE04EC0-301F-11D3-BF4B-00C04F79EFBC}") = "DigitNames", "DigitNames\DigitNames.csproj", "{FF282550-9DF1-499F-A35D-6F32786D87A7}"
EndProject
Project("{FAE04EC0-301F-11D3-BF4B-00C04F79EFBC}") = "QuadraticEquation", "..\ConsoleInOut\QuadraticEquation\QuadraticEquation.csproj", "{3778967F-54A8-4411-BF12-94C12A00A1D8}"
EndProject
Project("{FAE04EC0-301F-11D3-BF4B-00C04F79EFBC}") = "GreatestNumber", "GreatestNumber\GreatestNumber.csproj", "{99F9D43C-D271-4551-8A9F-CAF394F83821}"
EndProject
Project("{FAE04EC0-301F-11D3-BF4B-00C04F79EFBC}") = "UserChoiceInputType", "UserChoiceInputType\UserChoiceInputType.csproj", "{C458CD27-56D4-4A92-A3D9-CA7EECB1DCC3}"
EndProject
Project("{FAE04EC0-301F-11D3-BF4B-00C04F79EFBC}") = "SubsetSums", "SubsetSums\SubsetSums.csproj", "{623DB91F-BF52-4E5F-80D2-6C0F54C933AC}"
EndProject
Project("{FAE04EC0-301F-11D3-BF4B-00C04F79EFBC}") = "BonusScores", "BonusScores\BonusScores.csproj", "{BC1A7679-2667-4859-9294-161A6B3B878C}"
EndProject
Global
	GlobalSection(SolutionConfigurationPlatforms) = preSolution
		Debug|Any CPU = Debug|Any CPU
		Release|Any CPU = Release|Any CPU
	EndGlobalSection
	GlobalSection(ProjectConfigurationPlatforms) = postSolution
		{F873DFA2-0561-44DC-A413-20901AD585A2}.Debug|Any CPU.ActiveCfg = Debug|Any CPU
		{F873DFA2-0561-44DC-A413-20901AD585A2}.Debug|Any CPU.Build.0 = Debug|Any CPU
		{F873DFA2-0561-44DC-A413-20901AD585A2}.Release|Any CPU.ActiveCfg = Release|Any CPU
		{F873DFA2-0561-44DC-A413-20901AD585A2}.Release|Any CPU.Build.0 = Release|Any CPU
		{09A38BDA-083E-444D-B07B-717203D74AB4}.Debug|Any CPU.ActiveCfg = Debug|Any CPU
		{09A38BDA-083E-444D-B07B-717203D74AB4}.Debug|Any CPU.Build.0 = Debug|Any CPU
		{09A38BDA-083E-444D-B07B-717203D74AB4}.Release|Any CPU.ActiveCfg = Release|Any CPU
		{09A38BDA-083E-444D-B07B-717203D74AB4}.Release|Any CPU.Build.0 = Release|Any CPU
		{DC3E4B21-1E27-46FD-A9EC-6184FB7254B7}.Debug|Any CPU.ActiveCfg = Debug|Any CPU
		{DC3E4B21-1E27-46FD-A9EC-6184FB7254B7}.Debug|Any CPU.Build.0 = Debug|Any CPU
		{DC3E4B21-1E27-46FD-A9EC-6184FB7254B7}.Release|Any CPU.ActiveCfg = Release|Any CPU
		{DC3E4B21-1E27-46FD-A9EC-6184FB7254B7}.Release|Any CPU.Build.0 = Release|Any CPU
		{EB86CB7D-B9B1-4A05-A26F-D0A24FEDDF39}.Debug|Any CPU.ActiveCfg = Debug|Any CPU
		{EB86CB7D-B9B1-4A05-A26F-D0A24FEDDF39}.Debug|Any CPU.Build.0 = Debug|Any CPU
		{EB86CB7D-B9B1-4A05-A26F-D0A24FEDDF39}.Release|Any CPU.ActiveCfg = Release|Any CPU
		{EB86CB7D-B9B1-4A05-A26F-D0A24FEDDF39}.Release|Any CPU.Build.0 = Release|Any CPU
		{AF34095E-93B3-4805-8013-D380A47BB6D7}.Debug|Any CPU.ActiveCfg = Debug|Any CPU
		{AF34095E-93B3-4805-8013-D380A47BB6D7}.Debug|Any CPU.Build.0 = Debug|Any CPU
		{AF34095E-93B3-4805-8013-D380A47BB6D7}.Release|Any CPU.ActiveCfg = Release|Any CPU
		{AF34095E-93B3-4805-8013-D380A47BB6D7}.Release|Any CPU.Build.0 = Release|Any CPU
		{FF282550-9DF1-499F-A35D-6F32786D87A7}.Debug|Any CPU.ActiveCfg = Debug|Any CPU
		{FF282550-9DF1-499F-A35D-6F32786D87A7}.Debug|Any CPU.Build.0 = Debug|Any CPU
		{FF282550-9DF1-499F-A35D-6F32786D87A7}.Release|Any CPU.ActiveCfg = Release|Any CPU
		{FF282550-9DF1-499F-A35D-6F32786D87A7}.Release|Any CPU.Build.0 = Release|Any CPU
		{3778967F-54A8-4411-BF12-94C12A00A1D8}.Debug|Any CPU.ActiveCfg = Debug|Any CPU
		{3778967F-54A8-4411-BF12-94C12A00A1D8}.Debug|Any CPU.Build.0 = Debug|Any CPU
		{3778967F-54A8-4411-BF12-94C12A00A1D8}.Release|Any CPU.ActiveCfg = Release|Any CPU
		{3778967F-54A8-4411-BF12-94C12A00A1D8}.Release|Any CPU.Build.0 = Release|Any CPU
		{99F9D43C-D271-4551-8A9F-CAF394F83821}.Debug|Any CPU.ActiveCfg = Debug|Any CPU
		{99F9D43C-D271-4551-8A9F-CAF394F83821}.Debug|Any CPU.Build.0 = Debug|Any CPU
		{99F9D43C-D271-4551-8A9F-CAF394F83821}.Release|Any CPU.ActiveCfg = Release|Any CPU
		{99F9D43C-D271-4551-8A9F-CAF394F83821}.Release|Any CPU.Build.0 = Release|Any CPU
		{C458CD27-56D4-4A92-A3D9-CA7EECB1DCC3}.Debug|Any CPU.ActiveCfg = Debug|Any CPU
		{C458CD27-56D4-4A92-A3D9-CA7EECB1DCC3}.Debug|Any CPU.Build.0 = Debug|Any CPU
		{C458CD27-56D4-4A92-A3D9-CA7EECB1DCC3}.Release|Any CPU.ActiveCfg = Release|Any CPU
		{C458CD27-56D4-4A92-A3D9-CA7EECB1DCC3}.Release|Any CPU.Build.0 = Release|Any CPU
		{623DB91F-BF52-4E5F-80D2-6C0F54C933AC}.Debug|Any CPU.ActiveCfg = Debug|Any CPU
		{623DB91F-BF52-4E5F-80D2-6C0F54C933AC}.Debug|Any CPU.Build.0 = Debug|Any CPU
		{623DB91F-BF52-4E5F-80D2-6C0F54C933AC}.Release|Any CPU.ActiveCfg = Release|Any CPU
		{623DB91F-BF52-4E5F-80D2-6C0F54C933AC}.Release|Any CPU.Build.0 = Release|Any CPU
		{BC1A7679-2667-4859-9294-161A6B3B878C}.Debug|Any CPU.ActiveCfg = Debug|Any CPU
		{BC1A7679-2667-4859-9294-161A6B3B878C}.Debug|Any CPU.Build.0 = Debug|Any CPU
		{BC1A7679-2667-4859-9294-161A6B3B878C}.Release|Any CPU.ActiveCfg = Release|Any CPU
		{BC1A7679-2667-4859-9294-161A6B3B878C}.Release|Any CPU.Build.0 = Release|Any CPU
	EndGlobalSection
	GlobalSection(SolutionProperties) = preSolution
		HideSolutionNode = FALSE
	EndGlobalSection
EndGlobal
