
Microsoft Visual Studio Solution File, Format Version 12.00
# Visual Studio 2012
Project("{FAE04EC0-301F-11D3-BF4B-00C04F79EFBC}") = "SupermarketManager", "SupermarketManager\SupermarketManager.csproj", "{1A340436-40BA-4C51-BC26-83A4A3850A6E}"
EndProject
Project("{FAE04EC0-301F-11D3-BF4B-00C04F79EFBC}") = "MySQLStore", "MySQLStore\MySQLStore.csproj", "{C50145E6-A244-4F1F-B41F-90D1925B4A00}"
EndProject
Project("{FAE04EC0-301F-11D3-BF4B-00C04F79EFBC}") = "SQLStore.Model", "SQLStore.Model\SQLStore.Model.csproj", "{F10DBD90-7FCF-48BC-AEDB-4953291311A0}"
EndProject
Project("{FAE04EC0-301F-11D3-BF4B-00C04F79EFBC}") = "SQLStore.Data", "SQLStore.Data\SQLStore.Data.csproj", "{A8DC1049-D024-4812-8C66-0761229BAF0A}"
EndProject
Global
	GlobalSection(TeamFoundationVersionControl) = preSolution
		SccNumberOfProjects = 5
		SccEnterpriseProvider = {4CA58AB2-18FA-4F8D-95D4-32DDF27D184C}
		SccTeamFoundationServer = https://chimpmunk.visualstudio.com/defaultcollection
		SccLocalPath0 = .
		SccProjectUniqueName1 = MySQLStore\\MySQLStore.csproj
		SccProjectName1 = MySQLStore
		SccLocalPath1 = MySQLStore
		SccProjectUniqueName2 = SQLStore.Data\\SQLStore.Data.csproj
		SccProjectName2 = SQLStore.Data
		SccLocalPath2 = SQLStore.Data
		SccProjectUniqueName3 = SQLStore.Model\\SQLStore.Model.csproj
		SccProjectName3 = SQLStore.Model
		SccLocalPath3 = SQLStore.Model
		SccProjectUniqueName4 = SupermarketManager\\SupermarketManager.csproj
		SccProjectName4 = SupermarketManager
		SccLocalPath4 = SupermarketManager
	EndGlobalSection
	GlobalSection(SolutionConfigurationPlatforms) = preSolution
		Debug|Any CPU = Debug|Any CPU
		Release|Any CPU = Release|Any CPU
	EndGlobalSection
	GlobalSection(ProjectConfigurationPlatforms) = postSolution
		{1A340436-40BA-4C51-BC26-83A4A3850A6E}.Debug|Any CPU.ActiveCfg = Debug|Any CPU
		{1A340436-40BA-4C51-BC26-83A4A3850A6E}.Debug|Any CPU.Build.0 = Debug|Any CPU
		{1A340436-40BA-4C51-BC26-83A4A3850A6E}.Release|Any CPU.ActiveCfg = Release|Any CPU
		{1A340436-40BA-4C51-BC26-83A4A3850A6E}.Release|Any CPU.Build.0 = Release|Any CPU
		{C50145E6-A244-4F1F-B41F-90D1925B4A00}.Debug|Any CPU.ActiveCfg = Debug|Any CPU
		{C50145E6-A244-4F1F-B41F-90D1925B4A00}.Debug|Any CPU.Build.0 = Debug|Any CPU
		{C50145E6-A244-4F1F-B41F-90D1925B4A00}.Release|Any CPU.ActiveCfg = Release|Any CPU
		{C50145E6-A244-4F1F-B41F-90D1925B4A00}.Release|Any CPU.Build.0 = Release|Any CPU
		{F10DBD90-7FCF-48BC-AEDB-4953291311A0}.Debug|Any CPU.ActiveCfg = Debug|Any CPU
		{F10DBD90-7FCF-48BC-AEDB-4953291311A0}.Debug|Any CPU.Build.0 = Debug|Any CPU
		{F10DBD90-7FCF-48BC-AEDB-4953291311A0}.Release|Any CPU.ActiveCfg = Release|Any CPU
		{F10DBD90-7FCF-48BC-AEDB-4953291311A0}.Release|Any CPU.Build.0 = Release|Any CPU
		{A8DC1049-D024-4812-8C66-0761229BAF0A}.Debug|Any CPU.ActiveCfg = Debug|Any CPU
		{A8DC1049-D024-4812-8C66-0761229BAF0A}.Debug|Any CPU.Build.0 = Debug|Any CPU
		{A8DC1049-D024-4812-8C66-0761229BAF0A}.Release|Any CPU.ActiveCfg = Release|Any CPU
		{A8DC1049-D024-4812-8C66-0761229BAF0A}.Release|Any CPU.Build.0 = Release|Any CPU
	EndGlobalSection
	GlobalSection(SolutionProperties) = preSolution
		HideSolutionNode = FALSE
	EndGlobalSection
EndGlobal
