
Microsoft Visual Studio Solution File, Format Version 12.00
# Visual Studio 2012
Project("{FAE04EC0-301F-11D3-BF4B-00C04F79EFBC}") = "StudentSystem.Client", "StudentSystem.Client\StudentSystem.Client.csproj", "{34932A93-1502-4900-B6F1-9995D85E811E}"
EndProject
Project("{FAE04EC0-301F-11D3-BF4B-00C04F79EFBC}") = "StudentSystem.Context", "StudentSystem.Context\StudentSystem.Context.csproj", "{C903F79E-AFC0-47D9-A1B6-54215D56F8C2}"
EndProject
Project("{FAE04EC0-301F-11D3-BF4B-00C04F79EFBC}") = "StudentSystem.Model", "StudentSystem.Model\StudentSystem.Model.csproj", "{5E5E6ADA-1848-4722-AE3D-FAD96A0142F0}"
EndProject
Global
	GlobalSection(SolutionConfigurationPlatforms) = preSolution
		Debug|Any CPU = Debug|Any CPU
		Release|Any CPU = Release|Any CPU
	EndGlobalSection
	GlobalSection(ProjectConfigurationPlatforms) = postSolution
		{34932A93-1502-4900-B6F1-9995D85E811E}.Debug|Any CPU.ActiveCfg = Debug|Any CPU
		{34932A93-1502-4900-B6F1-9995D85E811E}.Debug|Any CPU.Build.0 = Debug|Any CPU
		{34932A93-1502-4900-B6F1-9995D85E811E}.Release|Any CPU.ActiveCfg = Release|Any CPU
		{34932A93-1502-4900-B6F1-9995D85E811E}.Release|Any CPU.Build.0 = Release|Any CPU
		{C903F79E-AFC0-47D9-A1B6-54215D56F8C2}.Debug|Any CPU.ActiveCfg = Debug|Any CPU
		{C903F79E-AFC0-47D9-A1B6-54215D56F8C2}.Debug|Any CPU.Build.0 = Debug|Any CPU
		{C903F79E-AFC0-47D9-A1B6-54215D56F8C2}.Release|Any CPU.ActiveCfg = Release|Any CPU
		{C903F79E-AFC0-47D9-A1B6-54215D56F8C2}.Release|Any CPU.Build.0 = Release|Any CPU
		{5E5E6ADA-1848-4722-AE3D-FAD96A0142F0}.Debug|Any CPU.ActiveCfg = Debug|Any CPU
		{5E5E6ADA-1848-4722-AE3D-FAD96A0142F0}.Debug|Any CPU.Build.0 = Debug|Any CPU
		{5E5E6ADA-1848-4722-AE3D-FAD96A0142F0}.Release|Any CPU.ActiveCfg = Release|Any CPU
		{5E5E6ADA-1848-4722-AE3D-FAD96A0142F0}.Release|Any CPU.Build.0 = Release|Any CPU
	EndGlobalSection
	GlobalSection(SolutionProperties) = preSolution
		HideSolutionNode = FALSE
	EndGlobalSection
EndGlobal
