
Microsoft Visual Studio Solution File, Format Version 12.00
# Visual Studio 2012
Project("{FAE04EC0-301F-11D3-BF4B-00C04F79EFBC}") = "eBankingManager", "eBankingManager\eBankingManager.csproj", "{A1467F20-020C-44FC-9CC1-498A7387340A}"
EndProject
Global
	GlobalSection(SolutionConfigurationPlatforms) = preSolution
		Debug|Any CPU = Debug|Any CPU
		Release|Any CPU = Release|Any CPU
	EndGlobalSection
	GlobalSection(ProjectConfigurationPlatforms) = postSolution
		{A1467F20-020C-44FC-9CC1-498A7387340A}.Debug|Any CPU.ActiveCfg = Debug|Any CPU
		{A1467F20-020C-44FC-9CC1-498A7387340A}.Debug|Any CPU.Build.0 = Debug|Any CPU
		{A1467F20-020C-44FC-9CC1-498A7387340A}.Release|Any CPU.ActiveCfg = Release|Any CPU
		{A1467F20-020C-44FC-9CC1-498A7387340A}.Release|Any CPU.Build.0 = Release|Any CPU
	EndGlobalSection
	GlobalSection(SolutionProperties) = preSolution
		HideSolutionNode = FALSE
	EndGlobalSection
EndGlobal
