
Microsoft Visual Studio Solution File, Format Version 12.00
# Visual Studio 2012
Project("{FAE04EC0-301F-11D3-BF4B-00C04F79EFBC}") = "KingSurvivalGame", "KingSurvivalGame\KingSurvivalGame.csproj", "{ED37A105-32C4-4168-B6D6-50934C91DFBD}"
EndProject
Project("{FAE04EC0-301F-11D3-BF4B-00C04F79EFBC}") = "TestKingSurvivalGame", "TestKingSurvivalGame\TestKingSurvivalGame.csproj", "{6983D01A-E51A-43B7-81D9-014B40087FD5}"
EndProject
Project("{2150E333-8FDC-42A3-9474-1A3956D46DE8}") = "Solution Items", "Solution Items", "{62C05172-25B2-4EA2-8274-F811520979CD}"
	ProjectSection(SolutionItems) = preProject
		KingSurvivalRefactoringDocumentation.docx = KingSurvivalRefactoringDocumentation.docx
		OriginalKingSurvival.cs = OriginalKingSurvival.cs
	EndProjectSection
EndProject
Global
	GlobalSection(SolutionConfigurationPlatforms) = preSolution
		Debug|Any CPU = Debug|Any CPU
		Release|Any CPU = Release|Any CPU
	EndGlobalSection
	GlobalSection(ProjectConfigurationPlatforms) = postSolution
		{ED37A105-32C4-4168-B6D6-50934C91DFBD}.Debug|Any CPU.ActiveCfg = Debug|Any CPU
		{ED37A105-32C4-4168-B6D6-50934C91DFBD}.Debug|Any CPU.Build.0 = Debug|Any CPU
		{ED37A105-32C4-4168-B6D6-50934C91DFBD}.Release|Any CPU.ActiveCfg = Release|Any CPU
		{ED37A105-32C4-4168-B6D6-50934C91DFBD}.Release|Any CPU.Build.0 = Release|Any CPU
		{6983D01A-E51A-43B7-81D9-014B40087FD5}.Debug|Any CPU.ActiveCfg = Debug|Any CPU
		{6983D01A-E51A-43B7-81D9-014B40087FD5}.Debug|Any CPU.Build.0 = Debug|Any CPU
		{6983D01A-E51A-43B7-81D9-014B40087FD5}.Release|Any CPU.ActiveCfg = Release|Any CPU
		{6983D01A-E51A-43B7-81D9-014B40087FD5}.Release|Any CPU.Build.0 = Release|Any CPU
	EndGlobalSection
	GlobalSection(SolutionProperties) = preSolution
		HideSolutionNode = FALSE
	EndGlobalSection
EndGlobal
