
Microsoft Visual Studio Solution File, Format Version 12.00
# Visual Studio 2012
Project("{FAE04EC0-301F-11D3-BF4B-00C04F79EFBC}") = "Client", "Client\Client.csproj", "{0E015074-79F8-4C21-97DF-853860BA28BE}"
EndProject
Global
	GlobalSection(SolutionConfigurationPlatforms) = preSolution
		Debug|Any CPU = Debug|Any CPU
		Release|Any CPU = Release|Any CPU
	EndGlobalSection
	GlobalSection(ProjectConfigurationPlatforms) = postSolution
		{0E015074-79F8-4C21-97DF-853860BA28BE}.Debug|Any CPU.ActiveCfg = Debug|Any CPU
		{0E015074-79F8-4C21-97DF-853860BA28BE}.Debug|Any CPU.Build.0 = Debug|Any CPU
		{0E015074-79F8-4C21-97DF-853860BA28BE}.Release|Any CPU.ActiveCfg = Release|Any CPU
		{0E015074-79F8-4C21-97DF-853860BA28BE}.Release|Any CPU.Build.0 = Release|Any CPU
	EndGlobalSection
	GlobalSection(SolutionProperties) = preSolution
		HideSolutionNode = FALSE
	EndGlobalSection
EndGlobal
